// !$*UTF8*$!
{
	archiveVersion = 1;
	classes = {
	};
	objectVersion = 50;
	objects = {

/* Begin PBXBuildFile section */
		A5066FFE227CB0DC00EF75F0 /* AppDelegate.m in Sources */ = {isa = PBXBuildFile; fileRef = A5066FFD227CB0DC00EF75F0 /* AppDelegate.m */; };
		A5067001227CB0DC00EF75F0 /* ViewController.m in Sources */ = {isa = PBXBuildFile; fileRef = A5067000227CB0DC00EF75F0 /* ViewController.m */; };
		A5067004227CB0DC00EF75F0 /* Main.storyboard in Resources */ = {isa = PBXBuildFile; fileRef = A5067002227CB0DC00EF75F0 /* Main.storyboard */; };
		A5067007227CB0DC00EF75F0 /* AgendaDeContatos.xcdatamodeld in Sources */ = {isa = PBXBuildFile; fileRef = A5067005227CB0DC00EF75F0 /* AgendaDeContatos.xcdatamodeld */; };
		A5067009227CB0DF00EF75F0 /* Assets.xcassets in Resources */ = {isa = PBXBuildFile; fileRef = A5067008227CB0DF00EF75F0 /* Assets.xcassets */; };
		A506700C227CB0DF00EF75F0 /* LaunchScreen.storyboard in Resources */ = {isa = PBXBuildFile; fileRef = A506700A227CB0DF00EF75F0 /* LaunchScreen.storyboard */; };
		A506700F227CB0DF00EF75F0 /* main.m in Sources */ = {isa = PBXBuildFile; fileRef = A506700E227CB0DF00EF75F0 /* main.m */; };
		A5067019227CB0DF00EF75F0 /* AgendaDeContatosTests.m in Sources */ = {isa = PBXBuildFile; fileRef = A5067018227CB0DF00EF75F0 /* AgendaDeContatosTests.m */; };
		A5067024227CB0DF00EF75F0 /* AgendaDeContatosUITests.m in Sources */ = {isa = PBXBuildFile; fileRef = A5067023227CB0DF00EF75F0 /* AgendaDeContatosUITests.m */; };
		A50BD725228099CA00501340 /* ContatoDAO.m in Sources */ = {isa = PBXBuildFile; fileRef = A50BD724228099CA00501340 /* ContatoDAO.m */; };
		A593C5CC227CBD8E0010C002 /* Contato.m in Sources */ = {isa = PBXBuildFile; fileRef = A593C5CB227CBD8E0010C002 /* Contato.m */; };
		A593C5D0227CC8200010C002 /* ListaDeContatosTableViewController.m in Sources */ = {isa = PBXBuildFile; fileRef = A593C5CF227CC8200010C002 /* ListaDeContatosTableViewController.m */; };
/* End PBXBuildFile section */

/* Begin PBXContainerItemProxy section */
		A5067015227CB0DF00EF75F0 /* PBXContainerItemProxy */ = {
			isa = PBXContainerItemProxy;
			containerPortal = A5066FF1227CB0DC00EF75F0 /* Project object */;
			proxyType = 1;
			remoteGlobalIDString = A5066FF8227CB0DC00EF75F0;
			remoteInfo = AgendaDeContatos;
		};
		A5067020227CB0DF00EF75F0 /* PBXContainerItemProxy */ = {
			isa = PBXContainerItemProxy;
			containerPortal = A5066FF1227CB0DC00EF75F0 /* Project object */;
			proxyType = 1;
			remoteGlobalIDString = A5066FF8227CB0DC00EF75F0;
			remoteInfo = AgendaDeContatos;
		};
/* End PBXContainerItemProxy section */

/* Begin PBXFileReference section */
		A5066FF9227CB0DC00EF75F0 /* AgendaDeContatos.app */ = {isa = PBXFileReference; explicitFileType = wrapper.application; includeInIndex = 0; path = AgendaDeContatos.app; sourceTree = BUILT_PRODUCTS_DIR; };
		A5066FFC227CB0DC00EF75F0 /* AppDelegate.h */ = {isa = PBXFileReference; lastKnownFileType = sourcecode.c.h; path = AppDelegate.h; sourceTree = "<group>"; };
		A5066FFD227CB0DC00EF75F0 /* AppDelegate.m */ = {isa = PBXFileReference; lastKnownFileType = sourcecode.c.objc; path = AppDelegate.m; sourceTree = "<group>"; };
		A5066FFF227CB0DC00EF75F0 /* ViewController.h */ = {isa = PBXFileReference; lastKnownFileType = sourcecode.c.h; path = ViewController.h; sourceTree = "<group>"; };
		A5067000227CB0DC00EF75F0 /* ViewController.m */ = {isa = PBXFileReference; lastKnownFileType = sourcecode.c.objc; path = ViewController.m; sourceTree = "<group>"; };
		A5067003227CB0DC00EF75F0 /* Base */ = {isa = PBXFileReference; lastKnownFileType = file.storyboard; name = Base; path = Base.lproj/Main.storyboard; sourceTree = "<group>"; };
		A5067006227CB0DC00EF75F0 /* AgendaDeContatos.xcdatamodel */ = {isa = PBXFileReference; lastKnownFileType = wrapper.xcdatamodel; path = AgendaDeContatos.xcdatamodel; sourceTree = "<group>"; };
		A5067008227CB0DF00EF75F0 /* Assets.xcassets */ = {isa = PBXFileReference; lastKnownFileType = folder.assetcatalog; path = Assets.xcassets; sourceTree = "<group>"; };
		A506700B227CB0DF00EF75F0 /* Base */ = {isa = PBXFileReference; lastKnownFileType = file.storyboard; name = Base; path = Base.lproj/LaunchScreen.storyboard; sourceTree = "<group>"; };
		A506700D227CB0DF00EF75F0 /* Info.plist */ = {isa = PBXFileReference; lastKnownFileType = text.plist.xml; path = Info.plist; sourceTree = "<group>"; };
		A506700E227CB0DF00EF75F0 /* main.m */ = {isa = PBXFileReference; lastKnownFileType = sourcecode.c.objc; path = main.m; sourceTree = "<group>"; };
		A5067014227CB0DF00EF75F0 /* AgendaDeContatosTests.xctest */ = {isa = PBXFileReference; explicitFileType = wrapper.cfbundle; includeInIndex = 0; path = AgendaDeContatosTests.xctest; sourceTree = BUILT_PRODUCTS_DIR; };
		A5067018227CB0DF00EF75F0 /* AgendaDeContatosTests.m */ = {isa = PBXFileReference; lastKnownFileType = sourcecode.c.objc; path = AgendaDeContatosTests.m; sourceTree = "<group>"; };
		A506701A227CB0DF00EF75F0 /* Info.plist */ = {isa = PBXFileReference; lastKnownFileType = text.plist.xml; path = Info.plist; sourceTree = "<group>"; };
		A506701F227CB0DF00EF75F0 /* AgendaDeContatosUITests.xctest */ = {isa = PBXFileReference; explicitFileType = wrapper.cfbundle; includeInIndex = 0; path = AgendaDeContatosUITests.xctest; sourceTree = BUILT_PRODUCTS_DIR; };
		A5067023227CB0DF00EF75F0 /* AgendaDeContatosUITests.m */ = {isa = PBXFileReference; lastKnownFileType = sourcecode.c.objc; path = AgendaDeContatosUITests.m; sourceTree = "<group>"; };
		A5067025227CB0DF00EF75F0 /* Info.plist */ = {isa = PBXFileReference; lastKnownFileType = text.plist.xml; path = Info.plist; sourceTree = "<group>"; };
		A50BD723228099CA00501340 /* ContatoDAO.h */ = {isa = PBXFileReference; lastKnownFileType = sourcecode.c.h; path = ContatoDAO.h; sourceTree = "<group>"; };
		A50BD724228099CA00501340 /* ContatoDAO.m */ = {isa = PBXFileReference; lastKnownFileType = sourcecode.c.objc; path = ContatoDAO.m; sourceTree = "<group>"; };
		A593C5CA227CBD8E0010C002 /* Contato.h */ = {isa = PBXFileReference; lastKnownFileType = sourcecode.c.h; path = Contato.h; sourceTree = "<group>"; };
		A593C5CB227CBD8E0010C002 /* Contato.m */ = {isa = PBXFileReference; lastKnownFileType = sourcecode.c.objc; path = Contato.m; sourceTree = "<group>"; };
		A593C5CE227CC8200010C002 /* ListaDeContatosTableViewController.h */ = {isa = PBXFileReference; lastKnownFileType = sourcecode.c.h; path = ListaDeContatosTableViewController.h; sourceTree = "<group>"; };
		A593C5CF227CC8200010C002 /* ListaDeContatosTableViewController.m */ = {isa = PBXFileReference; lastKnownFileType = sourcecode.c.objc; path = ListaDeContatosTableViewController.m; sourceTree = "<group>"; };
/* End PBXFileReference section */

/* Begin PBXFrameworksBuildPhase section */
		A5066FF6227CB0DC00EF75F0 /* Frameworks */ = {
			isa = PBXFrameworksBuildPhase;
			buildActionMask = 2147483647;
			files = (
			);
			runOnlyForDeploymentPostprocessing = 0;
		};
		A5067011227CB0DF00EF75F0 /* Frameworks */ = {
			isa = PBXFrameworksBuildPhase;
			buildActionMask = 2147483647;
			files = (
			);
			runOnlyForDeploymentPostprocessing = 0;
		};
		A506701C227CB0DF00EF75F0 /* Frameworks */ = {
			isa = PBXFrameworksBuildPhase;
			buildActionMask = 2147483647;
			files = (
			);
			runOnlyForDeploymentPostprocessing = 0;
		};
/* End PBXFrameworksBuildPhase section */

/* Begin PBXGroup section */
		A5066FF0227CB0DC00EF75F0 = {
			isa = PBXGroup;
			children = (
				A5066FFB227CB0DC00EF75F0 /* AgendaDeContatos */,
				A5067017227CB0DF00EF75F0 /* AgendaDeContatosTests */,
				A5067022227CB0DF00EF75F0 /* AgendaDeContatosUITests */,
				A5066FFA227CB0DC00EF75F0 /* Products */,
			);
			sourceTree = "<group>";
		};
		A5066FFA227CB0DC00EF75F0 /* Products */ = {
			isa = PBXGroup;
			children = (
				A5066FF9227CB0DC00EF75F0 /* AgendaDeContatos.app */,
				A5067014227CB0DF00EF75F0 /* AgendaDeContatosTests.xctest */,
				A506701F227CB0DF00EF75F0 /* AgendaDeContatosUITests.xctest */,
			);
			name = Products;
			sourceTree = "<group>";
		};
		A5066FFB227CB0DC00EF75F0 /* AgendaDeContatos */ = {
			isa = PBXGroup;
			children = (
				A50BD72222806FAD00501340 /* Model */,
				A593C5CD227CC7D10010C002 /* Controller */,
				A5066FFC227CB0DC00EF75F0 /* AppDelegate.h */,
				A5066FFD227CB0DC00EF75F0 /* AppDelegate.m */,
				A5067002227CB0DC00EF75F0 /* Main.storyboard */,
				A5067008227CB0DF00EF75F0 /* Assets.xcassets */,
				A506700A227CB0DF00EF75F0 /* LaunchScreen.storyboard */,
				A506700D227CB0DF00EF75F0 /* Info.plist */,
				A506700E227CB0DF00EF75F0 /* main.m */,
				A5067005227CB0DC00EF75F0 /* AgendaDeContatos.xcdatamodeld */,
			);
			path = AgendaDeContatos;
			sourceTree = "<group>";
		};
		A5067017227CB0DF00EF75F0 /* AgendaDeContatosTests */ = {
			isa = PBXGroup;
			children = (
				A5067018227CB0DF00EF75F0 /* AgendaDeContatosTests.m */,
				A506701A227CB0DF00EF75F0 /* Info.plist */,
			);
			path = AgendaDeContatosTests;
			sourceTree = "<group>";
		};
		A5067022227CB0DF00EF75F0 /* AgendaDeContatosUITests */ = {
			isa = PBXGroup;
			children = (
				A5067023227CB0DF00EF75F0 /* AgendaDeContatosUITests.m */,
				A5067025227CB0DF00EF75F0 /* Info.plist */,
			);
			path = AgendaDeContatosUITests;
			sourceTree = "<group>";
		};
		A50BD72222806FAD00501340 /* Model */ = {
			isa = PBXGroup;
			children = (
				A593C5CA227CBD8E0010C002 /* Contato.h */,
				A593C5CB227CBD8E0010C002 /* Contato.m */,
				A50BD723228099CA00501340 /* ContatoDAO.h */,
				A50BD724228099CA00501340 /* ContatoDAO.m */,
			);
			path = Model;
			sourceTree = "<group>";
		};
		A593C5CD227CC7D10010C002 /* Controller */ = {
			isa = PBXGroup;
			children = (
				A5066FFF227CB0DC00EF75F0 /* ViewController.h */,
				A5067000227CB0DC00EF75F0 /* ViewController.m */,
				A593C5CE227CC8200010C002 /* ListaDeContatosTableViewController.h */,
				A593C5CF227CC8200010C002 /* ListaDeContatosTableViewController.m */,
			);
			path = Controller;
			sourceTree = "<group>";
		};
/* End PBXGroup section */

/* Begin PBXNativeTarget section */
		A5066FF8227CB0DC00EF75F0 /* AgendaDeContatos */ = {
			isa = PBXNativeTarget;
			buildConfigurationList = A5067028227CB0DF00EF75F0 /* Build configuration list for PBXNativeTarget "AgendaDeContatos" */;
			buildPhases = (
				A5066FF5227CB0DC00EF75F0 /* Sources */,
				A5066FF6227CB0DC00EF75F0 /* Frameworks */,
				A5066FF7227CB0DC00EF75F0 /* Resources */,
			);
			buildRules = (
			);
			dependencies = (
			);
			name = AgendaDeContatos;
			productName = AgendaDeContatos;
			productReference = A5066FF9227CB0DC00EF75F0 /* AgendaDeContatos.app */;
			productType = "com.apple.product-type.application";
		};
		A5067013227CB0DF00EF75F0 /* AgendaDeContatosTests */ = {
			isa = PBXNativeTarget;
			buildConfigurationList = A506702B227CB0DF00EF75F0 /* Build configuration list for PBXNativeTarget "AgendaDeContatosTests" */;
			buildPhases = (
				A5067010227CB0DF00EF75F0 /* Sources */,
				A5067011227CB0DF00EF75F0 /* Frameworks */,
				A5067012227CB0DF00EF75F0 /* Resources */,
			);
			buildRules = (
			);
			dependencies = (
				A5067016227CB0DF00EF75F0 /* PBXTargetDependency */,
			);
			name = AgendaDeContatosTests;
			productName = AgendaDeContatosTests;
			productReference = A5067014227CB0DF00EF75F0 /* AgendaDeContatosTests.xctest */;
			productType = "com.apple.product-type.bundle.unit-test";
		};
		A506701E227CB0DF00EF75F0 /* AgendaDeContatosUITests */ = {
			isa = PBXNativeTarget;
			buildConfigurationList = A506702E227CB0DF00EF75F0 /* Build configuration list for PBXNativeTarget "AgendaDeContatosUITests" */;
			buildPhases = (
				A506701B227CB0DF00EF75F0 /* Sources */,
				A506701C227CB0DF00EF75F0 /* Frameworks */,
				A506701D227CB0DF00EF75F0 /* Resources */,
			);
			buildRules = (
			);
			dependencies = (
				A5067021227CB0DF00EF75F0 /* PBXTargetDependency */,
			);
			name = AgendaDeContatosUITests;
			productName = AgendaDeContatosUITests;
			productReference = A506701F227CB0DF00EF75F0 /* AgendaDeContatosUITests.xctest */;
			productType = "com.apple.product-type.bundle.ui-testing";
		};
/* End PBXNativeTarget section */

/* Begin PBXProject section */
		A5066FF1227CB0DC00EF75F0 /* Project object */ = {
			isa = PBXProject;
			attributes = {
				LastUpgradeCheck = 1020;
				ORGANIZATIONNAME = "Rodrigo Martins";
				TargetAttributes = {
					A5066FF8227CB0DC00EF75F0 = {
						CreatedOnToolsVersion = 10.2.1;
					};
					A5067013227CB0DF00EF75F0 = {
						CreatedOnToolsVersion = 10.2.1;
						TestTargetID = A5066FF8227CB0DC00EF75F0;
					};
					A506701E227CB0DF00EF75F0 = {
						CreatedOnToolsVersion = 10.2.1;
						TestTargetID = A5066FF8227CB0DC00EF75F0;
					};
				};
			};
			buildConfigurationList = A5066FF4227CB0DC00EF75F0 /* Build configuration list for PBXProject "AgendaDeContatos" */;
			compatibilityVersion = "Xcode 9.3";
			developmentRegion = en;
			hasScannedForEncodings = 0;
			knownRegions = (
				en,
				Base,
			);
			mainGroup = A5066FF0227CB0DC00EF75F0;
			productRefGroup = A5066FFA227CB0DC00EF75F0 /* Products */;
			projectDirPath = "";
			projectRoot = "";
			targets = (
				A5066FF8227CB0DC00EF75F0 /* AgendaDeContatos */,
				A5067013227CB0DF00EF75F0 /* AgendaDeContatosTests */,
				A506701E227CB0DF00EF75F0 /* AgendaDeContatosUITests */,
			);
		};
/* End PBXProject section */

/* Begin PBXResourcesBuildPhase section */
		A5066FF7227CB0DC00EF75F0 /* Resources */ = {
			isa = PBXResourcesBuildPhase;
			buildActionMask = 2147483647;
			files = (
				A506700C227CB0DF00EF75F0 /* LaunchScreen.storyboard in Resources */,
				A5067009227CB0DF00EF75F0 /* Assets.xcassets in Resources */,
				A5067004227CB0DC00EF75F0 /* Main.storyboard in Resources */,
			);
			runOnlyForDeploymentPostprocessing = 0;
		};
		A5067012227CB0DF00EF75F0 /* Resources */ = {
			isa = PBXResourcesBuildPhase;
			buildActionMask = 2147483647;
			files = (
			);
			runOnlyForDeploymentPostprocessing = 0;
		};
		A506701D227CB0DF00EF75F0 /* Resources */ = {
			isa = PBXResourcesBuildPhase;
			buildActionMask = 2147483647;
			files = (
			);
			runOnlyForDeploymentPostprocessing = 0;
		};
/* End PBXResourcesBuildPhase section */

/* Begin PBXSourcesBuildPhase section */
		A5066FF5227CB0DC00EF75F0 /* Sources */ = {
			isa = PBXSourcesBuildPhase;
			buildActionMask = 2147483647;
			files = (
				A593C5CC227CBD8E0010C002 /* Contato.m in Sources */,
				A593C5D0227CC8200010C002 /* ListaDeContatosTableViewController.m in Sources */,
				A5067001227CB0DC00EF75F0 /* ViewController.m in Sources */,
				A5067007227CB0DC00EF75F0 /* AgendaDeContatos.xcdatamodeld in Sources */,
				A50BD725228099CA00501340 /* ContatoDAO.m in Sources */,
				A506700F227CB0DF00EF75F0 /* main.m in Sources */,
				A5066FFE227CB0DC00EF75F0 /* AppDelegate.m in Sources */,
			);
			runOnlyForDeploymentPostprocessing = 0;
		};
		A5067010227CB0DF00EF75F0 /* Sources */ = {
			isa = PBXSourcesBuildPhase;
			buildActionMask = 2147483647;
			files = (
				A5067019227CB0DF00EF75F0 /* AgendaDeContatosTests.m in Sources */,
			);
			runOnlyForDeploymentPostprocessing = 0;
		};
		A506701B227CB0DF00EF75F0 /* Sources */ = {
			isa = PBXSourcesBuildPhase;
			buildActionMask = 2147483647;
			files = (
				A5067024227CB0DF00EF75F0 /* AgendaDeContatosUITests.m in Sources */,
			);
			runOnlyForDeploymentPostprocessing = 0;
		};
/* End PBXSourcesBuildPhase section */

/* Begin PBXTargetDependency section */
		A5067016227CB0DF00EF75F0 /* PBXTargetDependency */ = {
			isa = PBXTargetDependency;
			target = A5066FF8227CB0DC00EF75F0 /* AgendaDeContatos */;
			targetProxy = A5067015227CB0DF00EF75F0 /* PBXContainerItemProxy */;
		};
		A5067021227CB0DF00EF75F0 /* PBXTargetDependency */ = {
			isa = PBXTargetDependency;
			target = A5066FF8227CB0DC00EF75F0 /* AgendaDeContatos */;
			targetProxy = A5067020227CB0DF00EF75F0 /* PBXContainerItemProxy */;
		};
/* End PBXTargetDependency section */

/* Begin PBXVariantGroup section */
		A5067002227CB0DC00EF75F0 /* Main.storyboard */ = {
			isa = PBXVariantGroup;
			children = (
				A5067003227CB0DC00EF75F0 /* Base */,
			);
			name = Main.storyboard;
			sourceTree = "<group>";
		};
		A506700A227CB0DF00EF75F0 /* LaunchScreen.storyboard */ = {
			isa = PBXVariantGroup;
			children = (
				A506700B227CB0DF00EF75F0 /* Base */,
			);
			name = LaunchScreen.storyboard;
			sourceTree = "<group>";
		};
/* End PBXVariantGroup section */

/* Begin XCBuildConfiguration section */
		A5067026227CB0DF00EF75F0 /* Debug */ = {
			isa = XCBuildConfiguration;
			buildSettings = {
				ALWAYS_SEARCH_USER_PATHS = NO;
				CLANG_ANALYZER_NONNULL = YES;
				CLANG_ANALYZER_NUMBER_OBJECT_CONVERSION = YES_AGGRESSIVE;
				CLANG_CXX_LANGUAGE_STANDARD = "gnu++14";
				CLANG_CXX_LIBRARY = "libc++";
				CLANG_ENABLE_MODULES = YES;
				CLANG_ENABLE_OBJC_ARC = YES;
				CLANG_ENABLE_OBJC_WEAK = YES;
				CLANG_WARN_BLOCK_CAPTURE_AUTORELEASING = YES;
				CLANG_WARN_BOOL_CONVERSION = YES;
				CLANG_WARN_COMMA = YES;
				CLANG_WARN_CONSTANT_CONVERSION = YES;
				CLANG_WARN_DEPRECATED_OBJC_IMPLEMENTATIONS = YES;
				CLANG_WARN_DIRECT_OBJC_ISA_USAGE = YES_ERROR;
				CLANG_WARN_DOCUMENTATION_COMMENTS = YES;
				CLANG_WARN_EMPTY_BODY = YES;
				CLANG_WARN_ENUM_CONVERSION = YES;
				CLANG_WARN_INFINITE_RECURSION = YES;
				CLANG_WARN_INT_CONVERSION = YES;
				CLANG_WARN_NON_LITERAL_NULL_CONVERSION = YES;
				CLANG_WARN_OBJC_IMPLICIT_RETAIN_SELF = YES;
				CLANG_WARN_OBJC_LITERAL_CONVERSION = YES;
				CLANG_WARN_OBJC_ROOT_CLASS = YES_ERROR;
				CLANG_WARN_RANGE_LOOP_ANALYSIS = YES;
				CLANG_WARN_STRICT_PROTOTYPES = YES;
				CLANG_WARN_SUSPICIOUS_MOVE = YES;
				CLANG_WARN_UNGUARDED_AVAILABILITY = YES_AGGRESSIVE;
				CLANG_WARN_UNREACHABLE_CODE = YES;
				CLANG_WARN__DUPLICATE_METHOD_MATCH = YES;
				CODE_SIGN_IDENTITY = "iPhone Developer";
				COPY_PHASE_STRIP = NO;
				DEBUG_INFORMATION_FORMAT = dwarf;
				ENABLE_STRICT_OBJC_MSGSEND = YES;
				ENABLE_TESTABILITY = YES;
				GCC_C_LANGUAGE_STANDARD = gnu11;
				GCC_DYNAMIC_NO_PIC = NO;
				GCC_NO_COMMON_BLOCKS = YES;
				GCC_OPTIMIZATION_LEVEL = 0;
				GCC_PREPROCESSOR_DEFINITIONS = (
					"DEBUG=1",
					"$(inherited)",
				);
				GCC_WARN_64_TO_32_BIT_CONVERSION = YES;
				GCC_WARN_ABOUT_RETURN_TYPE = YES_ERROR;
				GCC_WARN_UNDECLARED_SELECTOR = YES;
				GCC_WARN_UNINITIALIZED_AUTOS = YES_AGGRESSIVE;
				GCC_WARN_UNUSED_FUNCTION = YES;
				GCC_WARN_UNUSED_VARIABLE = YES;
				IPHONEOS_DEPLOYMENT_TARGET = 12.2;
				MTL_ENABLE_DEBUG_INFO = INCLUDE_SOURCE;
				MTL_FAST_MATH = YES;
				ONLY_ACTIVE_ARCH = YES;
				SDKROOT = iphoneos;
			};
			name = Debug;
		};
		A5067027227CB0DF00EF75F0 /* Release */ = {
			isa = XCBuildConfiguration;
			buildSettings = {
				ALWAYS_SEARCH_USER_PATHS = NO;
				CLANG_ANALYZER_NONNULL = YES;
				CLANG_ANALYZER_NUMBER_OBJECT_CONVERSION = YES_AGGRESSIVE;
				CLANG_CXX_LANGUAGE_STANDARD = "gnu++14";
				CLANG_CXX_LIBRARY = "libc++";
				CLANG_ENABLE_MODULES = YES;
				CLANG_ENABLE_OBJC_ARC = YES;
				CLANG_ENABLE_OBJC_WEAK = YES;
				CLANG_WARN_BLOCK_CAPTURE_AUTORELEASING = YES;
				CLANG_WARN_BOOL_CONVERSION = YES;
				CLANG_WARN_COMMA = YES;
				CLANG_WARN_CONSTANT_CONVERSION = YES;
				CLANG_WARN_DEPRECATED_OBJC_IMPLEMENTATIONS = YES;
				CLANG_WARN_DIRECT_OBJC_ISA_USAGE = YES_ERROR;
				CLANG_WARN_DOCUMENTATION_COMMENTS = YES;
				CLANG_WARN_EMPTY_BODY = YES;
				CLANG_WARN_ENUM_CONVERSION = YES;
				CLANG_WARN_INFINITE_RECURSION = YES;
				CLANG_WARN_INT_CONVERSION = YES;
				CLANG_WARN_NON_LITERAL_NULL_CONVERSION = YES;
				CLANG_WARN_OBJC_IMPLICIT_RETAIN_SELF = YES;
				CLANG_WARN_OBJC_LITERAL_CONVERSION = YES;
				CLANG_WARN_OBJC_ROOT_CLASS = YES_ERROR;
				CLANG_WARN_RANGE_LOOP_ANALYSIS = YES;
				CLANG_WARN_STRICT_PROTOTYPES = YES;
				CLANG_WARN_SUSPICIOUS_MOVE = YES;
				CLANG_WARN_UNGUARDED_AVAILABILITY = YES_AGGRESSIVE;
				CLANG_WARN_UNREACHABLE_CODE = YES;
				CLANG_WARN__DUPLICATE_METHOD_MATCH = YES;
				CODE_SIGN_IDENTITY = "iPhone Developer";
				COPY_PHASE_STRIP = NO;
				DEBUG_INFORMATION_FORMAT = "dwarf-with-dsym";
				ENABLE_NS_ASSERTIONS = NO;
				ENABLE_STRICT_OBJC_MSGSEND = YES;
				GCC_C_LANGUAGE_STANDARD = gnu11;
				GCC_NO_COMMON_BLOCKS = YES;
				GCC_WARN_64_TO_32_BIT_CONVERSION = YES;
				GCC_WARN_ABOUT_RETURN_TYPE = YES_ERROR;
				GCC_WARN_UNDECLARED_SELECTOR = YES;
				GCC_WARN_UNINITIALIZED_AUTOS = YES_AGGRESSIVE;
				GCC_WARN_UNUSED_FUNCTION = YES;
				GCC_WARN_UNUSED_VARIABLE = YES;
				IPHONEOS_DEPLOYMENT_TARGET = 12.2;
				MTL_ENABLE_DEBUG_INFO = NO;
				MTL_FAST_MATH = YES;
				SDKROOT = iphoneos;
				VALIDATE_PRODUCT = YES;
			};
			name = Release;
		};
		A5067029227CB0DF00EF75F0 /* Debug */ = {
			isa = XCBuildConfiguration;
			buildSettings = {
				ASSETCATALOG_COMPILER_APPICON_NAME = AppIcon;
				CODE_SIGN_STYLE = Automatic;
				DEVELOPMENT_TEAM = 7Q63F4FXNX;
				INFOPLIST_FILE = AgendaDeContatos/Info.plist;
				IPHONEOS_DEPLOYMENT_TARGET = 9.0;
				LD_RUNPATH_SEARCH_PATHS = (
					"$(inherited)",
					"@executable_path/Frameworks",
				);
				PRODUCT_BUNDLE_IDENTIFIER = everis.AgendaDeContatos;
				PRODUCT_NAME = "$(TARGET_NAME)";
				TARGETED_DEVICE_FAMILY = 1;
			};
			name = Debug;
		};
		A506702A227CB0DF00EF75F0 /* Release */ = {
			isa = XCBuildConfiguration;
			buildSettings = {
				ASSETCATALOG_COMPILER_APPICON_NAME = AppIcon;
				CODE_SIGN_STYLE = Automatic;
				DEVELOPMENT_TEAM = 7Q63F4FXNX;
				INFOPLIST_FILE = AgendaDeContatos/Info.plist;
				IPHONEOS_DEPLOYMENT_TARGET = 9.0;
				LD_RUNPATH_SEARCH_PATHS = (
					"$(inherited)",
					"@executable_path/Frameworks",
				);
				PRODUCT_BUNDLE_IDENTIFIER = everis.AgendaDeContatos;
				PRODUCT_NAME = "$(TARGET_NAME)";
				TARGETED_DEVICE_FAMILY = 1;
			};
			name = Release;
		};
		A506702C227CB0DF00EF75F0 /* Debug */ = {
			isa = XCBuildConfiguration;
			buildSettings = {
				BUNDLE_LOADER = "$(TEST_HOST)";
				CODE_SIGN_STYLE = Automatic;
				DEVELOPMENT_TEAM = 7Q63F4FXNX;
				INFOPLIST_FILE = AgendaDeContatosTests/Info.plist;
				LD_RUNPATH_SEARCH_PATHS = (
					"$(inherited)",
					"@executable_path/Frameworks",
					"@loader_path/Frameworks",
				);
				PRODUCT_BUNDLE_IDENTIFIER = everis.AgendaDeContatosTests;
				PRODUCT_NAME = "$(TARGET_NAME)";
				TARGETED_DEVICE_FAMILY = "1,2";
				TEST_HOST = "$(BUILT_PRODUCTS_DIR)/AgendaDeContatos.app/AgendaDeContatos";
			};
			name = Debug;
		};
		A506702D227CB0DF00EF75F0 /* Release */ = {
			isa = XCBuildConfiguration;
			buildSettings = {
				BUNDLE_LOADER = "$(TEST_HOST)";
				CODE_SIGN_STYLE = Automatic;
				DEVELOPMENT_TEAM = 7Q63F4FXNX;
				INFOPLIST_FILE = AgendaDeContatosTests/Info.plist;
				LD_RUNPATH_SEARCH_PATHS = (
					"$(inherited)",
					"@executable_path/Frameworks",
					"@loader_path/Frameworks",
				);
				PRODUCT_BUNDLE_IDENTIFIER = everis.AgendaDeContatosTests;
				PRODUCT_NAME = "$(TARGET_NAME)";
				TARGETED_DEVICE_FAMILY = "1,2";
				TEST_HOST = "$(BUILT_PRODUCTS_DIR)/AgendaDeContatos.app/AgendaDeContatos";
			};
			name = Release;
		};
		A506702F227CB0DF00EF75F0 /* Debug */ = {
			isa = XCBuildConfiguration;
			buildSettings = {
				CODE_SIGN_STYLE = Automatic;
				DEVELOPMENT_TEAM = 7Q63F4FXNX;
				INFOPLIST_FILE = AgendaDeContatosUITests/Info.plist;
				LD_RUNPATH_SEARCH_PATHS = (
					"$(inherited)",
					"@executable_path/Frameworks",
					"@loader_path/Frameworks",
				);
				PRODUCT_BUNDLE_IDENTIFIER = everis.AgendaDeContatosUITests;
				PRODUCT_NAME = "$(TARGET_NAME)";
				TARGETED_DEVICE_FAMILY = "1,2";
				TEST_TARGET_NAME = AgendaDeContatos;
			};
			name = Debug;
		};
		A5067030227CB0DF00EF75F0 /* Release */ = {
			isa = XCBuildConfiguration;
			buildSettings = {
				CODE_SIGN_STYLE = Automatic;
				DEVELOPMENT_TEAM = 7Q63F4FXNX;
				INFOPLIST_FILE = AgendaDeContatosUITests/Info.plist;
				LD_RUNPATH_SEARCH_PATHS = (
					"$(inherited)",
					"@executable_path/Frameworks",
					"@loader_path/Frameworks",
				);
				PRODUCT_BUNDLE_IDENTIFIER = everis.AgendaDeContatosUITests;
				PRODUCT_NAME = "$(TARGET_NAME)";
				TARGETED_DEVICE_FAMILY = "1,2";
				TEST_TARGET_NAME = AgendaDeContatos;
			};
			name = Release;
		};
/* End XCBuildConfiguration section */

/* Begin XCConfigurationList section */
		A5066FF4227CB0DC00EF75F0 /* Build configuration list for PBXProject "AgendaDeContatos" */ = {
			isa = XCConfigurationList;
			buildConfigurations = (
				A5067026227CB0DF00EF75F0 /* Debug */,
				A5067027227CB0DF00EF75F0 /* Release */,
			);
			defaultConfigurationIsVisible = 0;
			defaultConfigurationName = Release;
		};
		A5067028227CB0DF00EF75F0 /* Build configuration list for PBXNativeTarget "AgendaDeContatos" */ = {
			isa = XCConfigurationList;
			buildConfigurations = (
				A5067029227CB0DF00EF75F0 /* Debug */,
				A506702A227CB0DF00EF75F0 /* Release */,
			);
			defaultConfigurationIsVisible = 0;
			defaultConfigurationName = Release;
		};
		A506702B227CB0DF00EF75F0 /* Build configuration list for PBXNativeTarget "AgendaDeContatosTests" */ = {
			isa = XCConfigurationList;
			buildConfigurations = (
				A506702C227CB0DF00EF75F0 /* Debug */,
				A506702D227CB0DF00EF75F0 /* Release */,
			);
			defaultConfigurationIsVisible = 0;
			defaultConfigurationName = Release;
		};
		A506702E227CB0DF00EF75F0 /* Build configuration list for PBXNativeTarget "AgendaDeContatosUITests" */ = {
			isa = XCConfigurationList;
			buildConfigurations = (
				A506702F227CB0DF00EF75F0 /* Debug */,
				A5067030227CB0DF00EF75F0 /* Release */,
			);
			defaultConfigurationIsVisible = 0;
			defaultConfigurationName = Release;
		};
/* End XCConfigurationList section */

/* Begin XCVersionGroup section */
		A5067005227CB0DC00EF75F0 /* AgendaDeContatos.xcdatamodeld */ = {
			isa = XCVersionGroup;
			children = (
				A5067006227CB0DC00EF75F0 /* AgendaDeContatos.xcdatamodel */,
			);
			currentVersion = A5067006227CB0DC00EF75F0 /* AgendaDeContatos.xcdatamodel */;
			path = AgendaDeContatos.xcdatamodeld;
			sourceTree = "<group>";
			versionGroupType = wrapper.xcdatamodel;
		};
/* End XCVersionGroup section */
	};
	rootObject = A5066FF1227CB0DC00EF75F0 /* Project object */;
}
